
Microsoft Visual Studio Solution File, Format Version 12.00
# Visual Studio Version 17
VisualStudioVersion = 17.1.32210.238
MinimumVisualStudioVersion = 10.0.40219.1
Project("{FAE04EC0-301F-11D3-BF4B-00C04F79EFBC}") = "TestMaker", "TestMaker\TestMaker.csproj", "{81803A31-55DC-40CC-BA43-7E683C09DDB0}"
EndProject
Global
	GlobalSection(SolutionConfigurationPlatforms) = preSolution
		Debug|Any CPU = Debug|Any CPU
		Release|Any CPU = Release|Any CPU
	EndGlobalSection
	GlobalSection(ProjectConfigurationPlatforms) = postSolution
		{81803A31-55DC-40CC-BA43-7E683C09DDB0}.Debug|Any CPU.ActiveCfg = Debug|Any CPU
		{81803A31-55DC-40CC-BA43-7E683C09DDB0}.Debug|Any CPU.Build.0 = Debug|Any CPU
		{81803A31-55DC-40CC-BA43-7E683C09DDB0}.Release|Any CPU.ActiveCfg = Release|Any CPU
		{81803A31-55DC-40CC-BA43-7E683C09DDB0}.Release|Any CPU.Build.0 = Release|Any CPU
	EndGlobalSection
	GlobalSection(SolutionProperties) = preSolution
		HideSolutionNode = FALSE
	EndGlobalSection
	GlobalSection(ExtensibilityGlobals) = postSolution
		SolutionGuid = {2E4E85FF-BCAD-4BC5-94B8-57934C035668}
	EndGlobalSection
EndGlobal
